
Microsoft Visual Studio Solution File, Format Version 12.00
# Visual Studio Version 16
VisualStudioVersion = 16.0.33214.272
MinimumVisualStudioVersion = 10.0.40219.1
Project("{FAE04EC0-301F-11D3-BF4B-00C04F79EFBC}") = "Mission_14", "Mission_14.csproj", "{BCE2CCB6-9E74-4444-B47B-0E0C43B81F32}"
EndProject
Global
	GlobalSection(SolutionConfigurationPlatforms) = preSolution
		Debug|Any CPU = Debug|Any CPU
		Release|Any CPU = Release|Any CPU
	EndGlobalSection
	GlobalSection(ProjectConfigurationPlatforms) = postSolution
		{BCE2CCB6-9E74-4444-B47B-0E0C43B81F32}.Debug|Any CPU.ActiveCfg = Debug|Any CPU
		{BCE2CCB6-9E74-4444-B47B-0E0C43B81F32}.Debug|Any CPU.Build.0 = Debug|Any CPU
		{BCE2CCB6-9E74-4444-B47B-0E0C43B81F32}.Release|Any CPU.ActiveCfg = Release|Any CPU
		{BCE2CCB6-9E74-4444-B47B-0E0C43B81F32}.Release|Any CPU.Build.0 = Release|Any CPU
	EndGlobalSection
	GlobalSection(SolutionProperties) = preSolution
		HideSolutionNode = FALSE
	EndGlobalSection
	GlobalSection(ExtensibilityGlobals) = postSolution
		SolutionGuid = {EE4FD743-3AD2-4B05-9A27-3D87EE8DB6A9}
	EndGlobalSection
EndGlobal
